<Solution>
  <Folder Name="/Gurux/">
    <Project Path="Gurux/Gurux.DLMS.Net/Development/Gurux.DLMS.Net.csproj" />
    <Project Path="Gurux/Gurux.Net/Development/Gurux.Net.csproj" />
  </Folder>
  <Folder Name="/Brain/">
    <Project Path="MeterSimulator.Core/MeterSimulator.Core.csproj" />
  </Folder>
  <Folder Name="/NIC/">
    <Project Path="ManyMeterSimulator/ManyMeterSimulator/ManyMeterSimulator.csproj" />
    <Project Path="ManyMeterSimulator/ManyMeterSimulator.Tests/ManyMeterSimulator.Tests.csproj" />
  </Folder>
</Solution>
